{
  "name": "rex-template",
  "version": "1.1.0",
  "dependencies": {
    "handlebars": {
      "version": "1.0.11",
      "from": "handlebars@1.0.11",
      "dependencies": {
        "optimist": {
          "version": "0.3.7",
          "from": "optimist@~0.3",
          "dependencies": {
            "wordwrap": {
              "version": "0.0.2",
              "from": "wordwrap@~0.0.2"
            }
          }
        },
        "uglify-js": {
          "version": "1.2.6",
          "from": "uglify-js@~1.2"
        }
      }
    },
    "optimist": {
      "version": "0.5.0",
      "from": "optimist@0.5.0",
      "dependencies": {
        "wordwrap": {
          "version": "0.0.2",
          "from": "wordwrap@~0.0.2"
        }
      }
    },
    "supercli": {
      "version": "0.2.0",
      "from": "supercli@0.2.0",
      "dependencies": {
        "underscore": {
          "version": "1.4.4",
          "from": "underscore@*"
        }
      }
    },
    "underscore": {
      "version": "1.4.4",
      "from": "underscore@*"
    },
    "async": {
      "version": "0.2.8",
      "from": "async@0.2.8"
    },
    "node-watch": {
      "version": "0.3.3",
      "from": "node-watch@0.3.3"
    }
  }
}
